<?xml version="1.0" encoding="utf-8"?>
<Project ToolsVersion="4.0" xmlns="http://schemas.microsoft.com/developer/msbuild/2003">
  <ItemGroup>
    <Filter Include="Source Files">
      <UniqueIdentifier>{4FC737F1-C7A5-4376-A066-2A32D752A2FF}</UniqueIdentifier>
      <Extensions>cpp;c;cc;cxx;def;odl;idl;hpj;bat;asm;asmx</Extensions>
    </Filter>
    <Filter Include="Header Files">
      <UniqueIdentifier>{93995380-89BD-4b04-88EB-625FBE52EBFB}</UniqueIdentifier>
      <Extensions>h;hh;hpp;hxx;hm;inl;inc;xsd</Extensions>
    </Filter>
    <Filter Include="Resource Files">
      <UniqueIdentifier>{67DA6AB6-F800-4c08-8B7A-83BB121AAD01}</UniqueIdentifier>
      <Extensions>rc;ico;cur;bmp;dlg;rc2;rct;bin;rgs;gif;jpg;jpeg;jpe;resx;tiff;tif;png;wav;mfcribbon-ms</Extensions>
    </Filter>
  </ItemGroup>
  <ItemGroup>
    <Text Include="ReadMe.txt" />
  </ItemGroup>
  <ItemGroup>
    <ClInclude Include="stdafx.h">
      <Filter>Header Files</Filter>
    </ClInclude>
    <ClInclude Include="targetver.h">
      <Filter>Header Files</Filter>
    </ClInclude>
    <ClInclude Include="cWorld.h">
      <Filter>Header Files</Filter>
    </ClInclude>
    <ClInclude Include="c4Vector.h">
      <Filter>Header Files</Filter>
    </ClInclude>
    <ClInclude Include="cEvent.h">
      <Filter>Header Files</Filter>
    </ClInclude>
    <ClInclude Include="cBlackHole.h">
      <Filter>Header Files</Filter>
    </ClInclude>
    <ClInclude Include="cParticle.h">
      <Filter>Header Files</Filter>
    </ClInclude>
    <ClInclude Include="cVelocity.h">
      <Filter>Header Files</Filter>
    </ClInclude>
    <ClInclude Include="cImpulse.h">
      <Filter>Header Files</Filter>
    </ClInclude>
    <ClInclude Include="c4x4Matrix.h">
      <Filter>Header Files</Filter>
    </ClInclude>
    <ClInclude Include="c2Tensor.h">
      <Filter>Header Files</Filter>
    </ClInclude>
    <ClInclude Include="cAcceleration.h">
      <Filter>Header Files</Filter>
    </ClInclude>
    <ClInclude Include="c4x4x4Matrix.h">
      <Filter>Header Files</Filter>
    </ClInclude>
    <ClInclude Include="cMetricTensor.h">
      <Filter>Header Files</Filter>
    </ClInclude>
    <ClInclude Include="cCristofell.h">
      <Filter>Header Files</Filter>
    </ClInclude>
    <ClInclude Include="cCMetricTensor.h">
      <Filter>Header Files</Filter>
    </ClInclude>
    <ClInclude Include="c4Force.h">
      <Filter>Header Files</Filter>
    </ClInclude>
  </ItemGroup>
  <ItemGroup>
    <ClCompile Include="stdafx.cpp">
      <Filter>Source Files</Filter>
    </ClCompile>
    <ClCompile Include="Simulacija upadanja čestica u crnu rupu.cpp">
      <Filter>Source Files</Filter>
    </ClCompile>
    <ClCompile Include="c4Vector.cpp">
      <Filter>Source Files</Filter>
    </ClCompile>
    <ClCompile Include="cEvent.cpp">
      <Filter>Source Files</Filter>
    </ClCompile>
    <ClCompile Include="cBlackHole.cpp">
      <Filter>Source Files</Filter>
    </ClCompile>
    <ClCompile Include="cParticle.cpp">
      <Filter>Source Files</Filter>
    </ClCompile>
    <ClCompile Include="cVelocity.cpp">
      <Filter>Source Files</Filter>
    </ClCompile>
    <ClCompile Include="cImpulse.cpp">
      <Filter>Source Files</Filter>
    </ClCompile>
    <ClCompile Include="c4x4Matrix.cpp">
      <Filter>Source Files</Filter>
    </ClCompile>
    <ClCompile Include="c2Tensor.cpp">
      <Filter>Source Files</Filter>
    </ClCompile>
    <ClCompile Include="cAcceleration.cpp">
      <Filter>Source Files</Filter>
    </ClCompile>
    <ClCompile Include="c4x4x4Matrix.cpp">
      <Filter>Source Files</Filter>
    </ClCompile>
    <ClCompile Include="cMetricTensor.cpp">
      <Filter>Source Files</Filter>
    </ClCompile>
    <ClCompile Include="cCristofell.cpp">
      <Filter>Source Files</Filter>
    </ClCompile>
    <ClCompile Include="cCMetricTensor.cpp">
      <Filter>Source Files</Filter>
    </ClCompile>
    <ClCompile Include="c4Force.cpp">
      <Filter>Source Files</Filter>
    </ClCompile>
  </ItemGroup>
</Project>